// !$*UTF8*$!
{
	archiveVersion = 1;
	classes = {
	};
	objectVersion = 46;
	objects = {

/* Begin PBXBuildFile section */
		835E4F641F56BDAC00AFED21 /* AppDelegate.swift in Sources */ = {isa = PBXBuildFile; fileRef = 835E4F631F56BDAC00AFED21 /* AppDelegate.swift */; };
		835E4F661F56BDAC00AFED21 /* ViewController.swift in Sources */ = {isa = PBXBuildFile; fileRef = 835E4F651F56BDAC00AFED21 /* ViewController.swift */; };
		835E4F691F56BDAC00AFED21 /* Main.storyboard in Resources */ = {isa = PBXBuildFile; fileRef = 835E4F671F56BDAC00AFED21 /* Main.storyboard */; };
		835E4F6C1F56BDAC00AFED21 /* Diary_M1.xcdatamodeld in Sources */ = {isa = PBXBuildFile; fileRef = 835E4F6A1F56BDAC00AFED21 /* Diary_M1.xcdatamodeld */; };
		835E4F6E1F56BDAC00AFED21 /* Assets.xcassets in Resources */ = {isa = PBXBuildFile; fileRef = 835E4F6D1F56BDAC00AFED21 /* Assets.xcassets */; };
		835E4F711F56BDAC00AFED21 /* LaunchScreen.storyboard in Resources */ = {isa = PBXBuildFile; fileRef = 835E4F6F1F56BDAC00AFED21 /* LaunchScreen.storyboard */; };
		835E4F7C1F56BDAC00AFED21 /* Diary_M1Tests.swift in Sources */ = {isa = PBXBuildFile; fileRef = 835E4F7B1F56BDAC00AFED21 /* Diary_M1Tests.swift */; };
		835E4F871F56E70E00AFED21 /* EntryTableViewCell.swift in Sources */ = {isa = PBXBuildFile; fileRef = 835E4F861F56E70E00AFED21 /* EntryTableViewCell.swift */; };
		835E4F891F56E7B300AFED21 /* EntryTableViewController.swift in Sources */ = {isa = PBXBuildFile; fileRef = 835E4F881F56E7B300AFED21 /* EntryTableViewController.swift */; };
		835E4F8B1F56E88100AFED21 /* Entry.swift in Sources */ = {isa = PBXBuildFile; fileRef = 835E4F8A1F56E88100AFED21 /* Entry.swift */; };
/* End PBXBuildFile section */

/* Begin PBXContainerItemProxy section */
		835E4F781F56BDAC00AFED21 /* PBXContainerItemProxy */ = {
			isa = PBXContainerItemProxy;
			containerPortal = 835E4F581F56BDAC00AFED21 /* Project object */;
			proxyType = 1;
			remoteGlobalIDString = 835E4F5F1F56BDAC00AFED21;
			remoteInfo = "Diary M1";
		};
/* End PBXContainerItemProxy section */

/* Begin PBXFileReference section */
		835E4F601F56BDAC00AFED21 /* Diary M1.app */ = {isa = PBXFileReference; explicitFileType = wrapper.application; includeInIndex = 0; path = "Diary M1.app"; sourceTree = BUILT_PRODUCTS_DIR; };
		835E4F631F56BDAC00AFED21 /* AppDelegate.swift */ = {isa = PBXFileReference; lastKnownFileType = sourcecode.swift; path = AppDelegate.swift; sourceTree = "<group>"; };
		835E4F651F56BDAC00AFED21 /* ViewController.swift */ = {isa = PBXFileReference; lastKnownFileType = sourcecode.swift; path = ViewController.swift; sourceTree = "<group>"; };
		835E4F681F56BDAC00AFED21 /* Base */ = {isa = PBXFileReference; lastKnownFileType = file.storyboard; name = Base; path = Base.lproj/Main.storyboard; sourceTree = "<group>"; };
		835E4F6B1F56BDAC00AFED21 /* Diary_M1.xcdatamodel */ = {isa = PBXFileReference; lastKnownFileType = wrapper.xcdatamodel; path = Diary_M1.xcdatamodel; sourceTree = "<group>"; };
		835E4F6D1F56BDAC00AFED21 /* Assets.xcassets */ = {isa = PBXFileReference; lastKnownFileType = folder.assetcatalog; path = Assets.xcassets; sourceTree = "<group>"; };
		835E4F701F56BDAC00AFED21 /* Base */ = {isa = PBXFileReference; lastKnownFileType = file.storyboard; name = Base; path = Base.lproj/LaunchScreen.storyboard; sourceTree = "<group>"; };
		835E4F721F56BDAC00AFED21 /* Info.plist */ = {isa = PBXFileReference; lastKnownFileType = text.plist.xml; path = Info.plist; sourceTree = "<group>"; };
		835E4F771F56BDAC00AFED21 /* Diary M1Tests.xctest */ = {isa = PBXFileReference; explicitFileType = wrapper.cfbundle; includeInIndex = 0; path = "Diary M1Tests.xctest"; sourceTree = BUILT_PRODUCTS_DIR; };
		835E4F7B1F56BDAC00AFED21 /* Diary_M1Tests.swift */ = {isa = PBXFileReference; lastKnownFileType = sourcecode.swift; path = Diary_M1Tests.swift; sourceTree = "<group>"; };
		835E4F7D1F56BDAC00AFED21 /* Info.plist */ = {isa = PBXFileReference; lastKnownFileType = text.plist.xml; path = Info.plist; sourceTree = "<group>"; };
		835E4F861F56E70E00AFED21 /* EntryTableViewCell.swift */ = {isa = PBXFileReference; fileEncoding = 4; lastKnownFileType = sourcecode.swift; path = EntryTableViewCell.swift; sourceTree = "<group>"; };
		835E4F881F56E7B300AFED21 /* EntryTableViewController.swift */ = {isa = PBXFileReference; fileEncoding = 4; lastKnownFileType = sourcecode.swift; path = EntryTableViewController.swift; sourceTree = "<group>"; };
		835E4F8A1F56E88100AFED21 /* Entry.swift */ = {isa = PBXFileReference; fileEncoding = 4; lastKnownFileType = sourcecode.swift; path = Entry.swift; sourceTree = "<group>"; };
/* End PBXFileReference section */

/* Begin PBXFrameworksBuildPhase section */
		835E4F5D1F56BDAC00AFED21 /* Frameworks */ = {
			isa = PBXFrameworksBuildPhase;
			buildActionMask = 2147483647;
			files = (
			);
			runOnlyForDeploymentPostprocessing = 0;
		};
		835E4F741F56BDAC00AFED21 /* Frameworks */ = {
			isa = PBXFrameworksBuildPhase;
			buildActionMask = 2147483647;
			files = (
			);
			runOnlyForDeploymentPostprocessing = 0;
		};
/* End PBXFrameworksBuildPhase section */

/* Begin PBXGroup section */
		835E4F571F56BDAC00AFED21 = {
			isa = PBXGroup;
			children = (
				835E4F621F56BDAC00AFED21 /* Diary M1 */,
				835E4F7A1F56BDAC00AFED21 /* Diary M1Tests */,
				835E4F611F56BDAC00AFED21 /* Products */,
			);
			sourceTree = "<group>";
		};
		835E4F611F56BDAC00AFED21 /* Products */ = {
			isa = PBXGroup;
			children = (
				835E4F601F56BDAC00AFED21 /* Diary M1.app */,
				835E4F771F56BDAC00AFED21 /* Diary M1Tests.xctest */,
			);
			name = Products;
			sourceTree = "<group>";
		};
		835E4F621F56BDAC00AFED21 /* Diary M1 */ = {
			isa = PBXGroup;
			children = (
				835E4F631F56BDAC00AFED21 /* AppDelegate.swift */,
				835E4F651F56BDAC00AFED21 /* ViewController.swift */,
				835E4F671F56BDAC00AFED21 /* Main.storyboard */,
				835E4F861F56E70E00AFED21 /* EntryTableViewCell.swift */,
				835E4F881F56E7B300AFED21 /* EntryTableViewController.swift */,
				835E4F8A1F56E88100AFED21 /* Entry.swift */,
				835E4F6D1F56BDAC00AFED21 /* Assets.xcassets */,
				835E4F6F1F56BDAC00AFED21 /* LaunchScreen.storyboard */,
				835E4F721F56BDAC00AFED21 /* Info.plist */,
				835E4F6A1F56BDAC00AFED21 /* Diary_M1.xcdatamodeld */,
			);
			path = "Diary M1";
			sourceTree = "<group>";
		};
		835E4F7A1F56BDAC00AFED21 /* Diary M1Tests */ = {
			isa = PBXGroup;
			children = (
				835E4F7B1F56BDAC00AFED21 /* Diary_M1Tests.swift */,
				835E4F7D1F56BDAC00AFED21 /* Info.plist */,
			);
			path = "Diary M1Tests";
			sourceTree = "<group>";
		};
/* End PBXGroup section */

/* Begin PBXNativeTarget section */
		835E4F5F1F56BDAC00AFED21 /* Diary M1 */ = {
			isa = PBXNativeTarget;
			buildConfigurationList = 835E4F801F56BDAC00AFED21 /* Build configuration list for PBXNativeTarget "Diary M1" */;
			buildPhases = (
				835E4F5C1F56BDAC00AFED21 /* Sources */,
				835E4F5D1F56BDAC00AFED21 /* Frameworks */,
				835E4F5E1F56BDAC00AFED21 /* Resources */,
			);
			buildRules = (
			);
			dependencies = (
			);
			name = "Diary M1";
			productName = "Diary M1";
			productReference = 835E4F601F56BDAC00AFED21 /* Diary M1.app */;
			productType = "com.apple.product-type.application";
		};
		835E4F761F56BDAC00AFED21 /* Diary M1Tests */ = {
			isa = PBXNativeTarget;
			buildConfigurationList = 835E4F831F56BDAC00AFED21 /* Build configuration list for PBXNativeTarget "Diary M1Tests" */;
			buildPhases = (
				835E4F731F56BDAC00AFED21 /* Sources */,
				835E4F741F56BDAC00AFED21 /* Frameworks */,
				835E4F751F56BDAC00AFED21 /* Resources */,
			);
			buildRules = (
			);
			dependencies = (
				835E4F791F56BDAC00AFED21 /* PBXTargetDependency */,
			);
			name = "Diary M1Tests";
			productName = "Diary M1Tests";
			productReference = 835E4F771F56BDAC00AFED21 /* Diary M1Tests.xctest */;
			productType = "com.apple.product-type.bundle.unit-test";
		};
/* End PBXNativeTarget section */

/* Begin PBXProject section */
		835E4F581F56BDAC00AFED21 /* Project object */ = {
			isa = PBXProject;
			attributes = {
				LastSwiftUpdateCheck = 0830;
				LastUpgradeCheck = 0830;
				ORGANIZATIONNAME = "Christian Alvarez";
				TargetAttributes = {
					835E4F5F1F56BDAC00AFED21 = {
						CreatedOnToolsVersion = 8.3.3;
						ProvisioningStyle = Automatic;
					};
					835E4F761F56BDAC00AFED21 = {
						CreatedOnToolsVersion = 8.3.3;
						ProvisioningStyle = Automatic;
						TestTargetID = 835E4F5F1F56BDAC00AFED21;
					};
				};
			};
			buildConfigurationList = 835E4F5B1F56BDAC00AFED21 /* Build configuration list for PBXProject "Diary M1" */;
			compatibilityVersion = "Xcode 3.2";
			developmentRegion = English;
			hasScannedForEncodings = 0;
			knownRegions = (
				en,
				Base,
			);
			mainGroup = 835E4F571F56BDAC00AFED21;
			productRefGroup = 835E4F611F56BDAC00AFED21 /* Products */;
			projectDirPath = "";
			projectRoot = "";
			targets = (
				835E4F5F1F56BDAC00AFED21 /* Diary M1 */,
				835E4F761F56BDAC00AFED21 /* Diary M1Tests */,
			);
		};
/* End PBXProject section */

/* Begin PBXResourcesBuildPhase section */
		835E4F5E1F56BDAC00AFED21 /* Resources */ = {
			isa = PBXResourcesBuildPhase;
			buildActionMask = 2147483647;
			files = (
				835E4F711F56BDAC00AFED21 /* LaunchScreen.storyboard in Resources */,
				835E4F6E1F56BDAC00AFED21 /* Assets.xcassets in Resources */,
				835E4F691F56BDAC00AFED21 /* Main.storyboard in Resources */,
			);
			runOnlyForDeploymentPostprocessing = 0;
		};
		835E4F751F56BDAC00AFED21 /* Resources */ = {
			isa = PBXResourcesBuildPhase;
			buildActionMask = 2147483647;
			files = (
			);
			runOnlyForDeploymentPostprocessing = 0;
		};
/* End PBXResourcesBuildPhase section */

/* Begin PBXSourcesBuildPhase section */
		835E4F5C1F56BDAC00AFED21 /* Sources */ = {
			isa = PBXSourcesBuildPhase;
			buildActionMask = 2147483647;
			files = (
				835E4F8B1F56E88100AFED21 /* Entry.swift in Sources */,
				835E4F871F56E70E00AFED21 /* EntryTableViewCell.swift in Sources */,
				835E4F661F56BDAC00AFED21 /* ViewController.swift in Sources */,
				835E4F641F56BDAC00AFED21 /* AppDelegate.swift in Sources */,
				835E4F891F56E7B300AFED21 /* EntryTableViewController.swift in Sources */,
				835E4F6C1F56BDAC00AFED21 /* Diary_M1.xcdatamodeld in Sources */,
			);
			runOnlyForDeploymentPostprocessing = 0;
		};
		835E4F731F56BDAC00AFED21 /* Sources */ = {
			isa = PBXSourcesBuildPhase;
			buildActionMask = 2147483647;
			files = (
				835E4F7C1F56BDAC00AFED21 /* Diary_M1Tests.swift in Sources */,
			);
			runOnlyForDeploymentPostprocessing = 0;
		};
/* End PBXSourcesBuildPhase section */

/* Begin PBXTargetDependency section */
		835E4F791F56BDAC00AFED21 /* PBXTargetDependency */ = {
			isa = PBXTargetDependency;
			target = 835E4F5F1F56BDAC00AFED21 /* Diary M1 */;
			targetProxy = 835E4F781F56BDAC00AFED21 /* PBXContainerItemProxy */;
		};
/* End PBXTargetDependency section */

/* Begin PBXVariantGroup section */
		835E4F671F56BDAC00AFED21 /* Main.storyboard */ = {
			isa = PBXVariantGroup;
			children = (
				835E4F681F56BDAC00AFED21 /* Base */,
			);
			name = Main.storyboard;
			sourceTree = "<group>";
		};
		835E4F6F1F56BDAC00AFED21 /* LaunchScreen.storyboard */ = {
			isa = PBXVariantGroup;
			children = (
				835E4F701F56BDAC00AFED21 /* Base */,
			);
			name = LaunchScreen.storyboard;
			sourceTree = "<group>";
		};
/* End PBXVariantGroup section */

/* Begin XCBuildConfiguration section */
		835E4F7E1F56BDAC00AFED21 /* Debug */ = {
			isa = XCBuildConfiguration;
			buildSettings = {
				ALWAYS_SEARCH_USER_PATHS = NO;
				CLANG_ANALYZER_NONNULL = YES;
				CLANG_ANALYZER_NUMBER_OBJECT_CONVERSION = YES_AGGRESSIVE;
				CLANG_CXX_LANGUAGE_STANDARD = "gnu++0x";
				CLANG_CXX_LIBRARY = "libc++";
				CLANG_ENABLE_MODULES = YES;
				CLANG_ENABLE_OBJC_ARC = YES;
				CLANG_WARN_BOOL_CONVERSION = YES;
				CLANG_WARN_CONSTANT_CONVERSION = YES;
				CLANG_WARN_DIRECT_OBJC_ISA_USAGE = YES_ERROR;
				CLANG_WARN_DOCUMENTATION_COMMENTS = YES;
				CLANG_WARN_EMPTY_BODY = YES;
				CLANG_WARN_ENUM_CONVERSION = YES;
				CLANG_WARN_INFINITE_RECURSION = YES;
				CLANG_WARN_INT_CONVERSION = YES;
				CLANG_WARN_OBJC_ROOT_CLASS = YES_ERROR;
				CLANG_WARN_SUSPICIOUS_MOVE = YES;
				CLANG_WARN_UNREACHABLE_CODE = YES;
				CLANG_WARN__DUPLICATE_METHOD_MATCH = YES;
				"CODE_SIGN_IDENTITY[sdk=iphoneos*]" = "iPhone Developer";
				COPY_PHASE_STRIP = NO;
				DEBUG_INFORMATION_FORMAT = dwarf;
				ENABLE_STRICT_OBJC_MSGSEND = YES;
				ENABLE_TESTABILITY = YES;
				GCC_C_LANGUAGE_STANDARD = gnu99;
				GCC_DYNAMIC_NO_PIC = NO;
				GCC_NO_COMMON_BLOCKS = YES;
				GCC_OPTIMIZATION_LEVEL = 0;
				GCC_PREPROCESSOR_DEFINITIONS = (
					"DEBUG=1",
					"$(inherited)",
				);
				GCC_WARN_64_TO_32_BIT_CONVERSION = YES;
				GCC_WARN_ABOUT_RETURN_TYPE = YES_ERROR;
				GCC_WARN_UNDECLARED_SELECTOR = YES;
				GCC_WARN_UNINITIALIZED_AUTOS = YES_AGGRESSIVE;
				GCC_WARN_UNUSED_FUNCTION = YES;
				GCC_WARN_UNUSED_VARIABLE = YES;
				IPHONEOS_DEPLOYMENT_TARGET = 10.3;
				MTL_ENABLE_DEBUG_INFO = YES;
				ONLY_ACTIVE_ARCH = YES;
				SDKROOT = iphoneos;
				SWIFT_ACTIVE_COMPILATION_CONDITIONS = DEBUG;
				SWIFT_OPTIMIZATION_LEVEL = "-Onone";
				TARGETED_DEVICE_FAMILY = "1,2";
			};
			name = Debug;
		};
		835E4F7F1F56BDAC00AFED21 /* Release */ = {
			isa = XCBuildConfiguration;
			buildSettings = {
				ALWAYS_SEARCH_USER_PATHS = NO;
				CLANG_ANALYZER_NONNULL = YES;
				CLANG_ANALYZER_NUMBER_OBJECT_CONVERSION = YES_AGGRESSIVE;
				CLANG_CXX_LANGUAGE_STANDARD = "gnu++0x";
				CLANG_CXX_LIBRARY = "libc++";
				CLANG_ENABLE_MODULES = YES;
				CLANG_ENABLE_OBJC_ARC = YES;
				CLANG_WARN_BOOL_CONVERSION = YES;
				CLANG_WARN_CONSTANT_CONVERSION = YES;
				CLANG_WARN_DIRECT_OBJC_ISA_USAGE = YES_ERROR;
				CLANG_WARN_DOCUMENTATION_COMMENTS = YES;
				CLANG_WARN_EMPTY_BODY = YES;
				CLANG_WARN_ENUM_CONVERSION = YES;
				CLANG_WARN_INFINITE_RECURSION = YES;
				CLANG_WARN_INT_CONVERSION = YES;
				CLANG_WARN_OBJC_ROOT_CLASS = YES_ERROR;
				CLANG_WARN_SUSPICIOUS_MOVE = YES;
				CLANG_WARN_UNREACHABLE_CODE = YES;
				CLANG_WARN__DUPLICATE_METHOD_MATCH = YES;
				"CODE_SIGN_IDENTITY[sdk=iphoneos*]" = "iPhone Developer";
				COPY_PHASE_STRIP = NO;
				DEBUG_INFORMATION_FORMAT = "dwarf-with-dsym";
				ENABLE_NS_ASSERTIONS = NO;
				ENABLE_STRICT_OBJC_MSGSEND = YES;
				GCC_C_LANGUAGE_STANDARD = gnu99;
				GCC_NO_COMMON_BLOCKS = YES;
				GCC_WARN_64_TO_32_BIT_CONVERSION = YES;
				GCC_WARN_ABOUT_RETURN_TYPE = YES_ERROR;
				GCC_WARN_UNDECLARED_SELECTOR = YES;
				GCC_WARN_UNINITIALIZED_AUTOS = YES_AGGRESSIVE;
				GCC_WARN_UNUSED_FUNCTION = YES;
				GCC_WARN_UNUSED_VARIABLE = YES;
				IPHONEOS_DEPLOYMENT_TARGET = 10.3;
				MTL_ENABLE_DEBUG_INFO = NO;
				SDKROOT = iphoneos;
				SWIFT_OPTIMIZATION_LEVEL = "-Owholemodule";
				TARGETED_DEVICE_FAMILY = "1,2";
				VALIDATE_PRODUCT = YES;
			};
			name = Release;
		};
		835E4F811F56BDAC00AFED21 /* Debug */ = {
			isa = XCBuildConfiguration;
			buildSettings = {
				ASSETCATALOG_COMPILER_APPICON_NAME = AppIcon;
				INFOPLIST_FILE = "Diary M1/Info.plist";
				LD_RUNPATH_SEARCH_PATHS = "$(inherited) @executable_path/Frameworks";
				PRODUCT_BUNDLE_IDENTIFIER = "com.travelbook.Diary-M1";
				PRODUCT_NAME = "$(TARGET_NAME)";
				SWIFT_VERSION = 3.0;
			};
			name = Debug;
		};
		835E4F821F56BDAC00AFED21 /* Release */ = {
			isa = XCBuildConfiguration;
			buildSettings = {
				ASSETCATALOG_COMPILER_APPICON_NAME = AppIcon;
				INFOPLIST_FILE = "Diary M1/Info.plist";
				LD_RUNPATH_SEARCH_PATHS = "$(inherited) @executable_path/Frameworks";
				PRODUCT_BUNDLE_IDENTIFIER = "com.travelbook.Diary-M1";
				PRODUCT_NAME = "$(TARGET_NAME)";
				SWIFT_VERSION = 3.0;
			};
			name = Release;
		};
		835E4F841F56BDAC00AFED21 /* Debug */ = {
			isa = XCBuildConfiguration;
			buildSettings = {
				ALWAYS_EMBED_SWIFT_STANDARD_LIBRARIES = YES;
				BUNDLE_LOADER = "$(TEST_HOST)";
				INFOPLIST_FILE = "Diary M1Tests/Info.plist";
				LD_RUNPATH_SEARCH_PATHS = "$(inherited) @executable_path/Frameworks @loader_path/Frameworks";
				PRODUCT_BUNDLE_IDENTIFIER = "com.travelbook.Diary-M1Tests";
				PRODUCT_NAME = "$(TARGET_NAME)";
				SWIFT_VERSION = 3.0;
				TEST_HOST = "$(BUILT_PRODUCTS_DIR)/Diary M1.app/Diary M1";
			};
			name = Debug;
		};
		835E4F851F56BDAC00AFED21 /* Release */ = {
			isa = XCBuildConfiguration;
			buildSettings = {
				ALWAYS_EMBED_SWIFT_STANDARD_LIBRARIES = YES;
				BUNDLE_LOADER = "$(TEST_HOST)";
				INFOPLIST_FILE = "Diary M1Tests/Info.plist";
				LD_RUNPATH_SEARCH_PATHS = "$(inherited) @executable_path/Frameworks @loader_path/Frameworks";
				PRODUCT_BUNDLE_IDENTIFIER = "com.travelbook.Diary-M1Tests";
				PRODUCT_NAME = "$(TARGET_NAME)";
				SWIFT_VERSION = 3.0;
				TEST_HOST = "$(BUILT_PRODUCTS_DIR)/Diary M1.app/Diary M1";
			};
			name = Release;
		};
/* End XCBuildConfiguration section */

/* Begin XCConfigurationList section */
		835E4F5B1F56BDAC00AFED21 /* Build configuration list for PBXProject "Diary M1" */ = {
			isa = XCConfigurationList;
			buildConfigurations = (
				835E4F7E1F56BDAC00AFED21 /* Debug */,
				835E4F7F1F56BDAC00AFED21 /* Release */,
			);
			defaultConfigurationIsVisible = 0;
			defaultConfigurationName = Release;
		};
		835E4F801F56BDAC00AFED21 /* Build configuration list for PBXNativeTarget "Diary M1" */ = {
			isa = XCConfigurationList;
			buildConfigurations = (
				835E4F811F56BDAC00AFED21 /* Debug */,
				835E4F821F56BDAC00AFED21 /* Release */,
			);
			defaultConfigurationIsVisible = 0;
		};
		835E4F831F56BDAC00AFED21 /* Build configuration list for PBXNativeTarget "Diary M1Tests" */ = {
			isa = XCConfigurationList;
			buildConfigurations = (
				835E4F841F56BDAC00AFED21 /* Debug */,
				835E4F851F56BDAC00AFED21 /* Release */,
			);
			defaultConfigurationIsVisible = 0;
		};
/* End XCConfigurationList section */

/* Begin XCVersionGroup section */
		835E4F6A1F56BDAC00AFED21 /* Diary_M1.xcdatamodeld */ = {
			isa = XCVersionGroup;
			children = (
				835E4F6B1F56BDAC00AFED21 /* Diary_M1.xcdatamodel */,
			);
			currentVersion = 835E4F6B1F56BDAC00AFED21 /* Diary_M1.xcdatamodel */;
			path = Diary_M1.xcdatamodeld;
			sourceTree = "<group>";
			versionGroupType = wrapper.xcdatamodel;
		};
/* End XCVersionGroup section */
	};
	rootObject = 835E4F581F56BDAC00AFED21 /* Project object */;
}
